
Microsoft Visual Studio Solution File, Format Version 12.00
# Visual Studio Version 17
VisualStudioVersion = 17.0.31903.59
MinimumVisualStudioVersion = 10.0.40219.1
Project("{FAE04EC0-301F-11D3-BF4B-00C04F79EFBC}") = "PrototipoV1", "PrototipoV1\PrototipoV1.csproj", "{EFFD2C03-92DF-46F8-89D5-BD1782C07F27}"
EndProject
Global
	GlobalSection(SolutionConfigurationPlatforms) = preSolution
		Debug|Any CPU = Debug|Any CPU
		Release|Any CPU = Release|Any CPU
	EndGlobalSection
	GlobalSection(ProjectConfigurationPlatforms) = postSolution
		{EFFD2C03-92DF-46F8-89D5-BD1782C07F27}.Debug|Any CPU.ActiveCfg = Debug|Any CPU
		{EFFD2C03-92DF-46F8-89D5-BD1782C07F27}.Debug|Any CPU.Build.0 = Debug|Any CPU
		{EFFD2C03-92DF-46F8-89D5-BD1782C07F27}.Release|Any CPU.ActiveCfg = Release|Any CPU
		{EFFD2C03-92DF-46F8-89D5-BD1782C07F27}.Release|Any CPU.Build.0 = Release|Any CPU
	EndGlobalSection
	GlobalSection(SolutionProperties) = preSolution
		HideSolutionNode = FALSE
	EndGlobalSection
	GlobalSection(ExtensibilityGlobals) = postSolution
		SolutionGuid = {CC3BBD21-DA64-4C05-9D76-4D0FDB93BC75}
	EndGlobalSection
EndGlobal
